# This file is generated by running "yarn install" inside your project.
# Manual changes might be lost - proceed with caution!

__metadata:
  version: 8
  cacheKey: 10c0

"@napi-rs/cli@npm:^2.15.2":
  version: 2.18.4
  resolution: "@napi-rs/cli@npm:2.18.4"
  bin:
    napi: scripts/index.js
  checksum: 10c0/cb80bc86687ba01077a0faa8d38198bc632b7caacf3a42ec42c3ec04700084ca26be9eec13bf7ac7da90e6afb46c65a39de8a86825a53b74dec2f2f459c0a7ea
  languageName: node
  linkType: hard

"@napi-rs/system-shutdown@workspace:.":
  version: 0.0.0-use.local
  resolution: "@napi-rs/system-shutdown@workspace:."
  dependencies:
    "@napi-rs/cli": "npm:^2.15.2"
  languageName: unknown
  linkType: soft
