# This file is generated by running "yarn install" inside your project.
# Manual changes might be lost - proceed with caution!

__metadata:
  version: 8
  cacheKey: 10c0

"@napi-rs/cli@npm:^2.15.2":
  version: 2.18.2
  resolution: "@napi-rs/cli@npm:2.18.2"
  bin:
    napi: scripts/index.js
  checksum: 10c0/2f0bf24924405fc462936a6db565e2de57b10e06dfcf57d84b3cf951d016b354f68b25c2a46780c9538670c60f3ae43fbfc16d60eb91e9336e5af8c0ab451fac
  languageName: node
  linkType: hard

"@napi-rs/system-shutdown@workspace:.":
  version: 0.0.0-use.local
  resolution: "@napi-rs/system-shutdown@workspace:."
  dependencies:
    "@napi-rs/cli": "npm:^2.15.2"
  languageName: unknown
  linkType: soft
