# This file is generated by running "yarn install" inside your project.
# Manual changes might be lost - proceed with caution!

__metadata:
  version: 8
  cacheKey: 10c0

"@emnapi/core@npm:^1.5.0":
  version: 1.6.0
  resolution: "@emnapi/core@npm:1.6.0"
  dependencies:
    "@emnapi/wasi-threads": "npm:1.1.0"
    tslib: "npm:^2.4.0"
  checksum: 10c0/40e384f39104a9f8260e671c0110f8618961afc564afb2e626af79175717a8b5e2d8b2ae3d30194d318a71247e0fc833601666233adfeb244c46cadc06c58a51
  languageName: node
  linkType: hard

"@emnapi/runtime@npm:^1.5.0":
  version: 1.6.0
  resolution: "@emnapi/runtime@npm:1.6.0"
  dependencies:
    tslib: "npm:^2.4.0"
  checksum: 10c0/e3d2452a8fb83bb59fe60dfcf4cff99f9680c13c07dff8ad28639ccc8790151841ef626a67014bde132939bad73dfacc440ade8c3db2ab12693ea9c8ba4d37fb
  languageName: node
  linkType: hard

"@emnapi/wasi-threads@npm:1.1.0":
  version: 1.1.0
  resolution: "@emnapi/wasi-threads@npm:1.1.0"
  dependencies:
    tslib: "npm:^2.4.0"
  checksum: 10c0/e6d54bf2b1e64cdd83d2916411e44e579b6ae35d5def0dea61a3c452d9921373044dff32a8b8473ae60c80692bdc39323e98b96a3f3d87ba6886b24dd0ef7ca1
  languageName: node
  linkType: hard

"@inquirer/ansi@npm:^1.0.1":
  version: 1.0.1
  resolution: "@inquirer/ansi@npm:1.0.1"
  checksum: 10c0/b0da2f25bbbe197946e717603f95ad0eacb098fcab1c9296cdf21f7c68fca830f589bf3e1b6803ada8dae8ce5e67fd7bb0e00909185e905333a84daacb81b473
  languageName: node
  linkType: hard

"@inquirer/checkbox@npm:^4.3.0":
  version: 4.3.0
  resolution: "@inquirer/checkbox@npm:4.3.0"
  dependencies:
    "@inquirer/ansi": "npm:^1.0.1"
    "@inquirer/core": "npm:^10.3.0"
    "@inquirer/figures": "npm:^1.0.14"
    "@inquirer/type": "npm:^3.0.9"
    yoctocolors-cjs: "npm:^2.1.2"
  peerDependencies:
    "@types/node": ">=18"
  peerDependenciesMeta:
    "@types/node":
      optional: true
  checksum: 10c0/d17b72063bf7b9b24a9bba530d6e1b553b8b8d84b9c221cec33480dfb11000554e041d9d1467248926844a91efd6cd07e753d1954ea9f80f2546543ae80161ff
  languageName: node
  linkType: hard

"@inquirer/confirm@npm:^5.1.19":
  version: 5.1.19
  resolution: "@inquirer/confirm@npm:5.1.19"
  dependencies:
    "@inquirer/core": "npm:^10.3.0"
    "@inquirer/type": "npm:^3.0.9"
  peerDependencies:
    "@types/node": ">=18"
  peerDependenciesMeta:
    "@types/node":
      optional: true
  checksum: 10c0/bfd6a6caf8192d8d1a815ddfeae46629369477e1b3bf7092b7ba2706b1285c8760d7ad86e7b2e68a5fa49d8735b83a50642b21026e8fe284ffc5d2b36666fab7
  languageName: node
  linkType: hard

"@inquirer/core@npm:^10.3.0":
  version: 10.3.0
  resolution: "@inquirer/core@npm:10.3.0"
  dependencies:
    "@inquirer/ansi": "npm:^1.0.1"
    "@inquirer/figures": "npm:^1.0.14"
    "@inquirer/type": "npm:^3.0.9"
    cli-width: "npm:^4.1.0"
    mute-stream: "npm:^2.0.0"
    signal-exit: "npm:^4.1.0"
    wrap-ansi: "npm:^6.2.0"
    yoctocolors-cjs: "npm:^2.1.2"
  peerDependencies:
    "@types/node": ">=18"
  peerDependenciesMeta:
    "@types/node":
      optional: true
  checksum: 10c0/174baa46ba9b4239a8e20d01d7ab890fd5d3d535c5473c864b0863d18d56b63a5dd0d657d646c0cb260965f4ed12089484f99d8abeaf0fa0961b619d708d8d7a
  languageName: node
  linkType: hard

"@inquirer/editor@npm:^4.2.21":
  version: 4.2.21
  resolution: "@inquirer/editor@npm:4.2.21"
  dependencies:
    "@inquirer/core": "npm:^10.3.0"
    "@inquirer/external-editor": "npm:^1.0.2"
    "@inquirer/type": "npm:^3.0.9"
  peerDependencies:
    "@types/node": ">=18"
  peerDependenciesMeta:
    "@types/node":
      optional: true
  checksum: 10c0/ea3d75b03a8558df424914999970961e3ee78aae84ce5629f172054c83f03aefe03c50ba18be41b11909ebbe97251f8c3aadd0c8264637d4f59b245ac0cf5275
  languageName: node
  linkType: hard

"@inquirer/expand@npm:^4.0.21":
  version: 4.0.21
  resolution: "@inquirer/expand@npm:4.0.21"
  dependencies:
    "@inquirer/core": "npm:^10.3.0"
    "@inquirer/type": "npm:^3.0.9"
    yoctocolors-cjs: "npm:^2.1.2"
  peerDependencies:
    "@types/node": ">=18"
  peerDependenciesMeta:
    "@types/node":
      optional: true
  checksum: 10c0/906272572e5ec4accda2eb6ce99265d1507253dae4c0416d45ac5900c012dba642c954fe7bddfd2743a0f921f4232a07a9f9eb291cb4a60a11f0026e07eadffd
  languageName: node
  linkType: hard

"@inquirer/external-editor@npm:^1.0.2":
  version: 1.0.2
  resolution: "@inquirer/external-editor@npm:1.0.2"
  dependencies:
    chardet: "npm:^2.1.0"
    iconv-lite: "npm:^0.7.0"
  peerDependencies:
    "@types/node": ">=18"
  peerDependenciesMeta:
    "@types/node":
      optional: true
  checksum: 10c0/414a3a2a9733459c57452d84ef19ff002222303d19041580685681153132d2a30af8f90f269b3967c30c670fa689dbb7d4fc25a86dc66f029eebe90dc7467b0a
  languageName: node
  linkType: hard

"@inquirer/figures@npm:^1.0.14":
  version: 1.0.14
  resolution: "@inquirer/figures@npm:1.0.14"
  checksum: 10c0/e19487d1d54db4ee9de2bd60792fa04c422b81ccfcf8307c8a8d385364c18622373e08a7f124d8c92383ef74edd20c3e3be1d7c2fdf31beccd5819c0d7809532
  languageName: node
  linkType: hard

"@inquirer/input@npm:^4.2.5":
  version: 4.2.5
  resolution: "@inquirer/input@npm:4.2.5"
  dependencies:
    "@inquirer/core": "npm:^10.3.0"
    "@inquirer/type": "npm:^3.0.9"
  peerDependencies:
    "@types/node": ">=18"
  peerDependenciesMeta:
    "@types/node":
      optional: true
  checksum: 10c0/d12e92fde89c400059e614cb4649b5186bd084571958ac226e70a3337954350a565211bb76783daab20854cd1912c6dea4683038183c5bde0dbf126ff5dbc078
  languageName: node
  linkType: hard

"@inquirer/number@npm:^3.0.21":
  version: 3.0.21
  resolution: "@inquirer/number@npm:3.0.21"
  dependencies:
    "@inquirer/core": "npm:^10.3.0"
    "@inquirer/type": "npm:^3.0.9"
  peerDependencies:
    "@types/node": ">=18"
  peerDependenciesMeta:
    "@types/node":
      optional: true
  checksum: 10c0/657209f8760db656f485005d92702f5cc798e64b45daa3f6791206448fe0156997165877a02cfa202c1c877dc361f97f4c993979335f1107f94734ff31b4b774
  languageName: node
  linkType: hard

"@inquirer/password@npm:^4.0.21":
  version: 4.0.21
  resolution: "@inquirer/password@npm:4.0.21"
  dependencies:
    "@inquirer/ansi": "npm:^1.0.1"
    "@inquirer/core": "npm:^10.3.0"
    "@inquirer/type": "npm:^3.0.9"
  peerDependencies:
    "@types/node": ">=18"
  peerDependenciesMeta:
    "@types/node":
      optional: true
  checksum: 10c0/0d30c7e500fc611eea8e84db5688159221e1f4e4d8346b85b9d1d0a8b4b1f0bae7ee656bc05eec7cdadc271898a46ac634955c09c8c9605440c27d72d3502d45
  languageName: node
  linkType: hard

"@inquirer/prompts@npm:^7.8.4":
  version: 7.9.0
  resolution: "@inquirer/prompts@npm:7.9.0"
  dependencies:
    "@inquirer/checkbox": "npm:^4.3.0"
    "@inquirer/confirm": "npm:^5.1.19"
    "@inquirer/editor": "npm:^4.2.21"
    "@inquirer/expand": "npm:^4.0.21"
    "@inquirer/input": "npm:^4.2.5"
    "@inquirer/number": "npm:^3.0.21"
    "@inquirer/password": "npm:^4.0.21"
    "@inquirer/rawlist": "npm:^4.1.9"
    "@inquirer/search": "npm:^3.2.0"
    "@inquirer/select": "npm:^4.4.0"
  peerDependencies:
    "@types/node": ">=18"
  peerDependenciesMeta:
    "@types/node":
      optional: true
  checksum: 10c0/e10a62b75a660a5dd272f322fd366a526393752f183bddbd485806a5cd0efb715917b16d9a6f661c81d13ee8ccd3c96bb663814808806b9ff7539ee46d479d87
  languageName: node
  linkType: hard

"@inquirer/rawlist@npm:^4.1.9":
  version: 4.1.9
  resolution: "@inquirer/rawlist@npm:4.1.9"
  dependencies:
    "@inquirer/core": "npm:^10.3.0"
    "@inquirer/type": "npm:^3.0.9"
    yoctocolors-cjs: "npm:^2.1.2"
  peerDependencies:
    "@types/node": ">=18"
  peerDependenciesMeta:
    "@types/node":
      optional: true
  checksum: 10c0/ad7f9fd123b89960d500b1755ab2f6783f5a605ff4aeeb10d6eee765be41debde31b40067d03e814e2c382a198eb0b1c00eb7ebefa13088059b29eeafce7e924
  languageName: node
  linkType: hard

"@inquirer/search@npm:^3.2.0":
  version: 3.2.0
  resolution: "@inquirer/search@npm:3.2.0"
  dependencies:
    "@inquirer/core": "npm:^10.3.0"
    "@inquirer/figures": "npm:^1.0.14"
    "@inquirer/type": "npm:^3.0.9"
    yoctocolors-cjs: "npm:^2.1.2"
  peerDependencies:
    "@types/node": ">=18"
  peerDependenciesMeta:
    "@types/node":
      optional: true
  checksum: 10c0/623eb5f53984d87a7f66fef73913d3129f09a4d0fb6a311f3020cb3559ad9d006d66c532f99010d1448518be38c9a1fbb5617d906ec9e361c7959bd7360173d9
  languageName: node
  linkType: hard

"@inquirer/select@npm:^4.4.0":
  version: 4.4.0
  resolution: "@inquirer/select@npm:4.4.0"
  dependencies:
    "@inquirer/ansi": "npm:^1.0.1"
    "@inquirer/core": "npm:^10.3.0"
    "@inquirer/figures": "npm:^1.0.14"
    "@inquirer/type": "npm:^3.0.9"
    yoctocolors-cjs: "npm:^2.1.2"
  peerDependencies:
    "@types/node": ">=18"
  peerDependenciesMeta:
    "@types/node":
      optional: true
  checksum: 10c0/9ab3811342f293e49eff60c85117612226c54aebda09db7f2354eabb95df55e02a8a4a674cb3514c12cf7c3dc6df4ef1addc4e41e006f52c17d9cee50208643a
  languageName: node
  linkType: hard

"@inquirer/type@npm:^3.0.9":
  version: 3.0.9
  resolution: "@inquirer/type@npm:3.0.9"
  peerDependencies:
    "@types/node": ">=18"
  peerDependenciesMeta:
    "@types/node":
      optional: true
  checksum: 10c0/bf036f9fac2519e7f710507ef1fab7c1149242a1e6490600fc18498175c0c0bc4a8f121592ab4eeb6b7b5acbc7cc6aedb0ad461bf4a12bc329e49168bbe7b61f
  languageName: node
  linkType: hard

"@napi-rs/cli@npm:^3.0.0":
  version: 3.4.1
  resolution: "@napi-rs/cli@npm:3.4.1"
  dependencies:
    "@inquirer/prompts": "npm:^7.8.4"
    "@napi-rs/cross-toolchain": "npm:^1.0.3"
    "@napi-rs/wasm-tools": "npm:^1.0.1"
    "@octokit/rest": "npm:^22.0.0"
    clipanion: "npm:^4.0.0-rc.4"
    colorette: "npm:^2.0.20"
    debug: "npm:^4.4.1"
    emnapi: "npm:^1.5.0"
    es-toolkit: "npm:^1.39.10"
    js-yaml: "npm:^4.1.0"
    semver: "npm:^7.7.2"
    typanion: "npm:^3.14.0"
  peerDependencies:
    "@emnapi/runtime": ^1.5.0
  peerDependenciesMeta:
    "@emnapi/runtime":
      optional: true
    emnapi:
      optional: true
  bin:
    napi: dist/cli.js
    napi-raw: cli.mjs
  checksum: 10c0/3071258f0b5767a6dfd5ae7939ba568d59658add40aa6e453aaab0b99a3c2b539f604e1d4fe2b8dba7f035e2ff680edb243eb818f22bd5fcb503aa15a8e4e706
  languageName: node
  linkType: hard

"@napi-rs/cross-toolchain@npm:^1.0.3":
  version: 1.0.3
  resolution: "@napi-rs/cross-toolchain@npm:1.0.3"
  dependencies:
    "@napi-rs/lzma": "npm:^1.4.5"
    "@napi-rs/tar": "npm:^1.1.0"
    debug: "npm:^4.4.1"
  peerDependencies:
    "@napi-rs/cross-toolchain-arm64-target-aarch64": ^1.0.3
    "@napi-rs/cross-toolchain-arm64-target-armv7": ^1.0.3
    "@napi-rs/cross-toolchain-arm64-target-ppc64le": ^1.0.3
    "@napi-rs/cross-toolchain-arm64-target-s390x": ^1.0.3
    "@napi-rs/cross-toolchain-arm64-target-x86_64": ^1.0.3
    "@napi-rs/cross-toolchain-x64-target-aarch64": ^1.0.3
    "@napi-rs/cross-toolchain-x64-target-armv7": ^1.0.3
    "@napi-rs/cross-toolchain-x64-target-ppc64le": ^1.0.3
    "@napi-rs/cross-toolchain-x64-target-s390x": ^1.0.3
    "@napi-rs/cross-toolchain-x64-target-x86_64": ^1.0.3
  peerDependenciesMeta:
    "@napi-rs/cross-toolchain-arm64-target-aarch64":
      optional: true
    "@napi-rs/cross-toolchain-arm64-target-armv7":
      optional: true
    "@napi-rs/cross-toolchain-arm64-target-ppc64le":
      optional: true
    "@napi-rs/cross-toolchain-arm64-target-s390x":
      optional: true
    "@napi-rs/cross-toolchain-arm64-target-x86_64":
      optional: true
    "@napi-rs/cross-toolchain-x64-target-aarch64":
      optional: true
    "@napi-rs/cross-toolchain-x64-target-armv7":
      optional: true
    "@napi-rs/cross-toolchain-x64-target-ppc64le":
      optional: true
    "@napi-rs/cross-toolchain-x64-target-s390x":
      optional: true
    "@napi-rs/cross-toolchain-x64-target-x86_64":
      optional: true
  checksum: 10c0/fcc7877c1e47ba6bf4801a4154240d3130703524b1fed17e736126ce58b53960872b9933f8434e3e86b4635e4c7fe881228be0d237210dd96c2087244523750f
  languageName: node
  linkType: hard

"@napi-rs/lzma-android-arm-eabi@npm:1.4.5":
  version: 1.4.5
  resolution: "@napi-rs/lzma-android-arm-eabi@npm:1.4.5"
  conditions: os=android & cpu=arm
  languageName: node
  linkType: hard

"@napi-rs/lzma-android-arm64@npm:1.4.5":
  version: 1.4.5
  resolution: "@napi-rs/lzma-android-arm64@npm:1.4.5"
  conditions: os=android & cpu=arm64
  languageName: node
  linkType: hard

"@napi-rs/lzma-darwin-arm64@npm:1.4.5":
  version: 1.4.5
  resolution: "@napi-rs/lzma-darwin-arm64@npm:1.4.5"
  conditions: os=darwin & cpu=arm64
  languageName: node
  linkType: hard

"@napi-rs/lzma-darwin-x64@npm:1.4.5":
  version: 1.4.5
  resolution: "@napi-rs/lzma-darwin-x64@npm:1.4.5"
  conditions: os=darwin & cpu=x64
  languageName: node
  linkType: hard

"@napi-rs/lzma-freebsd-x64@npm:1.4.5":
  version: 1.4.5
  resolution: "@napi-rs/lzma-freebsd-x64@npm:1.4.5"
  conditions: os=freebsd & cpu=x64
  languageName: node
  linkType: hard

"@napi-rs/lzma-linux-arm-gnueabihf@npm:1.4.5":
  version: 1.4.5
  resolution: "@napi-rs/lzma-linux-arm-gnueabihf@npm:1.4.5"
  conditions: os=linux & cpu=arm
  languageName: node
  linkType: hard

"@napi-rs/lzma-linux-arm64-gnu@npm:1.4.5":
  version: 1.4.5
  resolution: "@napi-rs/lzma-linux-arm64-gnu@npm:1.4.5"
  conditions: os=linux & cpu=arm64 & libc=glibc
  languageName: node
  linkType: hard

"@napi-rs/lzma-linux-arm64-musl@npm:1.4.5":
  version: 1.4.5
  resolution: "@napi-rs/lzma-linux-arm64-musl@npm:1.4.5"
  conditions: os=linux & cpu=arm64 & libc=musl
  languageName: node
  linkType: hard

"@napi-rs/lzma-linux-ppc64-gnu@npm:1.4.5":
  version: 1.4.5
  resolution: "@napi-rs/lzma-linux-ppc64-gnu@npm:1.4.5"
  conditions: os=linux & cpu=ppc64 & libc=glibc
  languageName: node
  linkType: hard

"@napi-rs/lzma-linux-riscv64-gnu@npm:1.4.5":
  version: 1.4.5
  resolution: "@napi-rs/lzma-linux-riscv64-gnu@npm:1.4.5"
  conditions: os=linux & cpu=riscv64 & libc=glibc
  languageName: node
  linkType: hard

"@napi-rs/lzma-linux-s390x-gnu@npm:1.4.5":
  version: 1.4.5
  resolution: "@napi-rs/lzma-linux-s390x-gnu@npm:1.4.5"
  conditions: os=linux & cpu=s390x & libc=glibc
  languageName: node
  linkType: hard

"@napi-rs/lzma-linux-x64-gnu@npm:1.4.5":
  version: 1.4.5
  resolution: "@napi-rs/lzma-linux-x64-gnu@npm:1.4.5"
  conditions: os=linux & cpu=x64 & libc=glibc
  languageName: node
  linkType: hard

"@napi-rs/lzma-linux-x64-musl@npm:1.4.5":
  version: 1.4.5
  resolution: "@napi-rs/lzma-linux-x64-musl@npm:1.4.5"
  conditions: os=linux & cpu=x64 & libc=musl
  languageName: node
  linkType: hard

"@napi-rs/lzma-wasm32-wasi@npm:1.4.5":
  version: 1.4.5
  resolution: "@napi-rs/lzma-wasm32-wasi@npm:1.4.5"
  dependencies:
    "@napi-rs/wasm-runtime": "npm:^1.0.3"
  conditions: cpu=wasm32
  languageName: node
  linkType: hard

"@napi-rs/lzma-win32-arm64-msvc@npm:1.4.5":
  version: 1.4.5
  resolution: "@napi-rs/lzma-win32-arm64-msvc@npm:1.4.5"
  conditions: os=win32 & cpu=arm64
  languageName: node
  linkType: hard

"@napi-rs/lzma-win32-ia32-msvc@npm:1.4.5":
  version: 1.4.5
  resolution: "@napi-rs/lzma-win32-ia32-msvc@npm:1.4.5"
  conditions: os=win32 & cpu=ia32
  languageName: node
  linkType: hard

"@napi-rs/lzma-win32-x64-msvc@npm:1.4.5":
  version: 1.4.5
  resolution: "@napi-rs/lzma-win32-x64-msvc@npm:1.4.5"
  conditions: os=win32 & cpu=x64
  languageName: node
  linkType: hard

"@napi-rs/lzma@npm:^1.4.5":
  version: 1.4.5
  resolution: "@napi-rs/lzma@npm:1.4.5"
  dependencies:
    "@napi-rs/lzma-android-arm-eabi": "npm:1.4.5"
    "@napi-rs/lzma-android-arm64": "npm:1.4.5"
    "@napi-rs/lzma-darwin-arm64": "npm:1.4.5"
    "@napi-rs/lzma-darwin-x64": "npm:1.4.5"
    "@napi-rs/lzma-freebsd-x64": "npm:1.4.5"
    "@napi-rs/lzma-linux-arm-gnueabihf": "npm:1.4.5"
    "@napi-rs/lzma-linux-arm64-gnu": "npm:1.4.5"
    "@napi-rs/lzma-linux-arm64-musl": "npm:1.4.5"
    "@napi-rs/lzma-linux-ppc64-gnu": "npm:1.4.5"
    "@napi-rs/lzma-linux-riscv64-gnu": "npm:1.4.5"
    "@napi-rs/lzma-linux-s390x-gnu": "npm:1.4.5"
    "@napi-rs/lzma-linux-x64-gnu": "npm:1.4.5"
    "@napi-rs/lzma-linux-x64-musl": "npm:1.4.5"
    "@napi-rs/lzma-wasm32-wasi": "npm:1.4.5"
    "@napi-rs/lzma-win32-arm64-msvc": "npm:1.4.5"
    "@napi-rs/lzma-win32-ia32-msvc": "npm:1.4.5"
    "@napi-rs/lzma-win32-x64-msvc": "npm:1.4.5"
  dependenciesMeta:
    "@napi-rs/lzma-android-arm-eabi":
      optional: true
    "@napi-rs/lzma-android-arm64":
      optional: true
    "@napi-rs/lzma-darwin-arm64":
      optional: true
    "@napi-rs/lzma-darwin-x64":
      optional: true
    "@napi-rs/lzma-freebsd-x64":
      optional: true
    "@napi-rs/lzma-linux-arm-gnueabihf":
      optional: true
    "@napi-rs/lzma-linux-arm64-gnu":
      optional: true
    "@napi-rs/lzma-linux-arm64-musl":
      optional: true
    "@napi-rs/lzma-linux-ppc64-gnu":
      optional: true
    "@napi-rs/lzma-linux-riscv64-gnu":
      optional: true
    "@napi-rs/lzma-linux-s390x-gnu":
      optional: true
    "@napi-rs/lzma-linux-x64-gnu":
      optional: true
    "@napi-rs/lzma-linux-x64-musl":
      optional: true
    "@napi-rs/lzma-wasm32-wasi":
      optional: true
    "@napi-rs/lzma-win32-arm64-msvc":
      optional: true
    "@napi-rs/lzma-win32-ia32-msvc":
      optional: true
    "@napi-rs/lzma-win32-x64-msvc":
      optional: true
  checksum: 10c0/df098c99f904b54541e3a34feeb5878c98a4abf1ababf1d301d903b99d98402fff5eda49e1dd103bb4bf44a9217a5e1b17fb30b74044416561f8fe02ca098ee3
  languageName: node
  linkType: hard

"@napi-rs/system-shutdown@workspace:.":
  version: 0.0.0-use.local
  resolution: "@napi-rs/system-shutdown@workspace:."
  dependencies:
    "@napi-rs/cli": "npm:^3.0.0"
  languageName: unknown
  linkType: soft

"@napi-rs/tar-android-arm-eabi@npm:1.1.0":
  version: 1.1.0
  resolution: "@napi-rs/tar-android-arm-eabi@npm:1.1.0"
  conditions: os=android & cpu=arm
  languageName: node
  linkType: hard

"@napi-rs/tar-android-arm64@npm:1.1.0":
  version: 1.1.0
  resolution: "@napi-rs/tar-android-arm64@npm:1.1.0"
  conditions: os=android & cpu=arm64
  languageName: node
  linkType: hard

"@napi-rs/tar-darwin-arm64@npm:1.1.0":
  version: 1.1.0
  resolution: "@napi-rs/tar-darwin-arm64@npm:1.1.0"
  conditions: os=darwin & cpu=arm64
  languageName: node
  linkType: hard

"@napi-rs/tar-darwin-x64@npm:1.1.0":
  version: 1.1.0
  resolution: "@napi-rs/tar-darwin-x64@npm:1.1.0"
  conditions: os=darwin & cpu=x64
  languageName: node
  linkType: hard

"@napi-rs/tar-freebsd-x64@npm:1.1.0":
  version: 1.1.0
  resolution: "@napi-rs/tar-freebsd-x64@npm:1.1.0"
  conditions: os=freebsd & cpu=x64
  languageName: node
  linkType: hard

"@napi-rs/tar-linux-arm-gnueabihf@npm:1.1.0":
  version: 1.1.0
  resolution: "@napi-rs/tar-linux-arm-gnueabihf@npm:1.1.0"
  conditions: os=linux & cpu=arm
  languageName: node
  linkType: hard

"@napi-rs/tar-linux-arm64-gnu@npm:1.1.0":
  version: 1.1.0
  resolution: "@napi-rs/tar-linux-arm64-gnu@npm:1.1.0"
  conditions: os=linux & cpu=arm64 & libc=glibc
  languageName: node
  linkType: hard

"@napi-rs/tar-linux-arm64-musl@npm:1.1.0":
  version: 1.1.0
  resolution: "@napi-rs/tar-linux-arm64-musl@npm:1.1.0"
  conditions: os=linux & cpu=arm64 & libc=musl
  languageName: node
  linkType: hard

"@napi-rs/tar-linux-ppc64-gnu@npm:1.1.0":
  version: 1.1.0
  resolution: "@napi-rs/tar-linux-ppc64-gnu@npm:1.1.0"
  conditions: os=linux & cpu=ppc64 & libc=glibc
  languageName: node
  linkType: hard

"@napi-rs/tar-linux-s390x-gnu@npm:1.1.0":
  version: 1.1.0
  resolution: "@napi-rs/tar-linux-s390x-gnu@npm:1.1.0"
  conditions: os=linux & cpu=s390x & libc=glibc
  languageName: node
  linkType: hard

"@napi-rs/tar-linux-x64-gnu@npm:1.1.0":
  version: 1.1.0
  resolution: "@napi-rs/tar-linux-x64-gnu@npm:1.1.0"
  conditions: os=linux & cpu=x64 & libc=glibc
  languageName: node
  linkType: hard

"@napi-rs/tar-linux-x64-musl@npm:1.1.0":
  version: 1.1.0
  resolution: "@napi-rs/tar-linux-x64-musl@npm:1.1.0"
  conditions: os=linux & cpu=x64 & libc=musl
  languageName: node
  linkType: hard

"@napi-rs/tar-wasm32-wasi@npm:1.1.0":
  version: 1.1.0
  resolution: "@napi-rs/tar-wasm32-wasi@npm:1.1.0"
  dependencies:
    "@napi-rs/wasm-runtime": "npm:^1.0.3"
  conditions: cpu=wasm32
  languageName: node
  linkType: hard

"@napi-rs/tar-win32-arm64-msvc@npm:1.1.0":
  version: 1.1.0
  resolution: "@napi-rs/tar-win32-arm64-msvc@npm:1.1.0"
  conditions: os=win32 & cpu=arm64
  languageName: node
  linkType: hard

"@napi-rs/tar-win32-ia32-msvc@npm:1.1.0":
  version: 1.1.0
  resolution: "@napi-rs/tar-win32-ia32-msvc@npm:1.1.0"
  conditions: os=win32 & cpu=ia32
  languageName: node
  linkType: hard

"@napi-rs/tar-win32-x64-msvc@npm:1.1.0":
  version: 1.1.0
  resolution: "@napi-rs/tar-win32-x64-msvc@npm:1.1.0"
  conditions: os=win32 & cpu=x64
  languageName: node
  linkType: hard

"@napi-rs/tar@npm:^1.1.0":
  version: 1.1.0
  resolution: "@napi-rs/tar@npm:1.1.0"
  dependencies:
    "@napi-rs/tar-android-arm-eabi": "npm:1.1.0"
    "@napi-rs/tar-android-arm64": "npm:1.1.0"
    "@napi-rs/tar-darwin-arm64": "npm:1.1.0"
    "@napi-rs/tar-darwin-x64": "npm:1.1.0"
    "@napi-rs/tar-freebsd-x64": "npm:1.1.0"
    "@napi-rs/tar-linux-arm-gnueabihf": "npm:1.1.0"
    "@napi-rs/tar-linux-arm64-gnu": "npm:1.1.0"
    "@napi-rs/tar-linux-arm64-musl": "npm:1.1.0"
    "@napi-rs/tar-linux-ppc64-gnu": "npm:1.1.0"
    "@napi-rs/tar-linux-s390x-gnu": "npm:1.1.0"
    "@napi-rs/tar-linux-x64-gnu": "npm:1.1.0"
    "@napi-rs/tar-linux-x64-musl": "npm:1.1.0"
    "@napi-rs/tar-wasm32-wasi": "npm:1.1.0"
    "@napi-rs/tar-win32-arm64-msvc": "npm:1.1.0"
    "@napi-rs/tar-win32-ia32-msvc": "npm:1.1.0"
    "@napi-rs/tar-win32-x64-msvc": "npm:1.1.0"
  dependenciesMeta:
    "@napi-rs/tar-android-arm-eabi":
      optional: true
    "@napi-rs/tar-android-arm64":
      optional: true
    "@napi-rs/tar-darwin-arm64":
      optional: true
    "@napi-rs/tar-darwin-x64":
      optional: true
    "@napi-rs/tar-freebsd-x64":
      optional: true
    "@napi-rs/tar-linux-arm-gnueabihf":
      optional: true
    "@napi-rs/tar-linux-arm64-gnu":
      optional: true
    "@napi-rs/tar-linux-arm64-musl":
      optional: true
    "@napi-rs/tar-linux-ppc64-gnu":
      optional: true
    "@napi-rs/tar-linux-s390x-gnu":
      optional: true
    "@napi-rs/tar-linux-x64-gnu":
      optional: true
    "@napi-rs/tar-linux-x64-musl":
      optional: true
    "@napi-rs/tar-wasm32-wasi":
      optional: true
    "@napi-rs/tar-win32-arm64-msvc":
      optional: true
    "@napi-rs/tar-win32-ia32-msvc":
      optional: true
    "@napi-rs/tar-win32-x64-msvc":
      optional: true
  checksum: 10c0/88a0ab081eacfa235266f14a0bc408b7581058b1f7e18b118c6f8e7012cca0dd91c5baf5de84e1d2eb8070386a7380aa4d8dedfc6f81e24ae9d0287ff50ae153
  languageName: node
  linkType: hard

"@napi-rs/wasm-runtime@npm:^1.0.3":
  version: 1.0.7
  resolution: "@napi-rs/wasm-runtime@npm:1.0.7"
  dependencies:
    "@emnapi/core": "npm:^1.5.0"
    "@emnapi/runtime": "npm:^1.5.0"
    "@tybys/wasm-util": "npm:^0.10.1"
  checksum: 10c0/2d8635498136abb49d6dbf7395b78c63422292240963bf055f307b77aeafbde57ae2c0ceaaef215601531b36d6eb92a2cdd6f5ba90ed2aa8127c27aff9c4ae55
  languageName: node
  linkType: hard

"@napi-rs/wasm-tools-android-arm-eabi@npm:1.0.1":
  version: 1.0.1
  resolution: "@napi-rs/wasm-tools-android-arm-eabi@npm:1.0.1"
  conditions: os=android & cpu=arm
  languageName: node
  linkType: hard

"@napi-rs/wasm-tools-android-arm64@npm:1.0.1":
  version: 1.0.1
  resolution: "@napi-rs/wasm-tools-android-arm64@npm:1.0.1"
  conditions: os=android & cpu=arm64
  languageName: node
  linkType: hard

"@napi-rs/wasm-tools-darwin-arm64@npm:1.0.1":
  version: 1.0.1
  resolution: "@napi-rs/wasm-tools-darwin-arm64@npm:1.0.1"
  conditions: os=darwin & cpu=arm64
  languageName: node
  linkType: hard

"@napi-rs/wasm-tools-darwin-x64@npm:1.0.1":
  version: 1.0.1
  resolution: "@napi-rs/wasm-tools-darwin-x64@npm:1.0.1"
  conditions: os=darwin & cpu=x64
  languageName: node
  linkType: hard

"@napi-rs/wasm-tools-freebsd-x64@npm:1.0.1":
  version: 1.0.1
  resolution: "@napi-rs/wasm-tools-freebsd-x64@npm:1.0.1"
  conditions: os=freebsd & cpu=x64
  languageName: node
  linkType: hard

"@napi-rs/wasm-tools-linux-arm64-gnu@npm:1.0.1":
  version: 1.0.1
  resolution: "@napi-rs/wasm-tools-linux-arm64-gnu@npm:1.0.1"
  conditions: os=linux & cpu=arm64 & libc=glibc
  languageName: node
  linkType: hard

"@napi-rs/wasm-tools-linux-arm64-musl@npm:1.0.1":
  version: 1.0.1
  resolution: "@napi-rs/wasm-tools-linux-arm64-musl@npm:1.0.1"
  conditions: os=linux & cpu=arm64 & libc=musl
  languageName: node
  linkType: hard

"@napi-rs/wasm-tools-linux-x64-gnu@npm:1.0.1":
  version: 1.0.1
  resolution: "@napi-rs/wasm-tools-linux-x64-gnu@npm:1.0.1"
  conditions: os=linux & cpu=x64 & libc=glibc
  languageName: node
  linkType: hard

"@napi-rs/wasm-tools-linux-x64-musl@npm:1.0.1":
  version: 1.0.1
  resolution: "@napi-rs/wasm-tools-linux-x64-musl@npm:1.0.1"
  conditions: os=linux & cpu=x64 & libc=musl
  languageName: node
  linkType: hard

"@napi-rs/wasm-tools-wasm32-wasi@npm:1.0.1":
  version: 1.0.1
  resolution: "@napi-rs/wasm-tools-wasm32-wasi@npm:1.0.1"
  dependencies:
    "@napi-rs/wasm-runtime": "npm:^1.0.3"
  conditions: cpu=wasm32
  languageName: node
  linkType: hard

"@napi-rs/wasm-tools-win32-arm64-msvc@npm:1.0.1":
  version: 1.0.1
  resolution: "@napi-rs/wasm-tools-win32-arm64-msvc@npm:1.0.1"
  conditions: os=win32 & cpu=arm64
  languageName: node
  linkType: hard

"@napi-rs/wasm-tools-win32-ia32-msvc@npm:1.0.1":
  version: 1.0.1
  resolution: "@napi-rs/wasm-tools-win32-ia32-msvc@npm:1.0.1"
  conditions: os=win32 & cpu=ia32
  languageName: node
  linkType: hard

"@napi-rs/wasm-tools-win32-x64-msvc@npm:1.0.1":
  version: 1.0.1
  resolution: "@napi-rs/wasm-tools-win32-x64-msvc@npm:1.0.1"
  conditions: os=win32 & cpu=x64
  languageName: node
  linkType: hard

"@napi-rs/wasm-tools@npm:^1.0.1":
  version: 1.0.1
  resolution: "@napi-rs/wasm-tools@npm:1.0.1"
  dependencies:
    "@napi-rs/wasm-tools-android-arm-eabi": "npm:1.0.1"
    "@napi-rs/wasm-tools-android-arm64": "npm:1.0.1"
    "@napi-rs/wasm-tools-darwin-arm64": "npm:1.0.1"
    "@napi-rs/wasm-tools-darwin-x64": "npm:1.0.1"
    "@napi-rs/wasm-tools-freebsd-x64": "npm:1.0.1"
    "@napi-rs/wasm-tools-linux-arm64-gnu": "npm:1.0.1"
    "@napi-rs/wasm-tools-linux-arm64-musl": "npm:1.0.1"
    "@napi-rs/wasm-tools-linux-x64-gnu": "npm:1.0.1"
    "@napi-rs/wasm-tools-linux-x64-musl": "npm:1.0.1"
    "@napi-rs/wasm-tools-wasm32-wasi": "npm:1.0.1"
    "@napi-rs/wasm-tools-win32-arm64-msvc": "npm:1.0.1"
    "@napi-rs/wasm-tools-win32-ia32-msvc": "npm:1.0.1"
    "@napi-rs/wasm-tools-win32-x64-msvc": "npm:1.0.1"
  dependenciesMeta:
    "@napi-rs/wasm-tools-android-arm-eabi":
      optional: true
    "@napi-rs/wasm-tools-android-arm64":
      optional: true
    "@napi-rs/wasm-tools-darwin-arm64":
      optional: true
    "@napi-rs/wasm-tools-darwin-x64":
      optional: true
    "@napi-rs/wasm-tools-freebsd-x64":
      optional: true
    "@napi-rs/wasm-tools-linux-arm64-gnu":
      optional: true
    "@napi-rs/wasm-tools-linux-arm64-musl":
      optional: true
    "@napi-rs/wasm-tools-linux-x64-gnu":
      optional: true
    "@napi-rs/wasm-tools-linux-x64-musl":
      optional: true
    "@napi-rs/wasm-tools-wasm32-wasi":
      optional: true
    "@napi-rs/wasm-tools-win32-arm64-msvc":
      optional: true
    "@napi-rs/wasm-tools-win32-ia32-msvc":
      optional: true
    "@napi-rs/wasm-tools-win32-x64-msvc":
      optional: true
  checksum: 10c0/bee9258e0b16a2415acc57d9aa281fa50402b38f631aea28e3a8ecd16415cdfffade63313bca777e85c3a73b80cce899ac3dd35eba9104951d7da1eb28913122
  languageName: node
  linkType: hard

"@octokit/auth-token@npm:^6.0.0":
  version: 6.0.0
  resolution: "@octokit/auth-token@npm:6.0.0"
  checksum: 10c0/32ecc904c5f6f4e5d090bfcc679d70318690c0a0b5040cd9a25811ad9dcd44c33f2cf96b6dbee1cd56cf58fde28fb1819c01b58718aa5c971f79c822357cb5c0
  languageName: node
  linkType: hard

"@octokit/core@npm:^7.0.2":
  version: 7.0.5
  resolution: "@octokit/core@npm:7.0.5"
  dependencies:
    "@octokit/auth-token": "npm:^6.0.0"
    "@octokit/graphql": "npm:^9.0.2"
    "@octokit/request": "npm:^10.0.4"
    "@octokit/request-error": "npm:^7.0.1"
    "@octokit/types": "npm:^15.0.0"
    before-after-hook: "npm:^4.0.0"
    universal-user-agent: "npm:^7.0.0"
  checksum: 10c0/09aeba5f9a6b58c4e7cdd59d883a1b787bc32b17fee3b6c73af47e9b8510dc1aa6e2399274e36106ca27485d4e7b2ffda28af306ad4819fa96cd90caecf15ae7
  languageName: node
  linkType: hard

"@octokit/endpoint@npm:^11.0.1":
  version: 11.0.1
  resolution: "@octokit/endpoint@npm:11.0.1"
  dependencies:
    "@octokit/types": "npm:^15.0.0"
    universal-user-agent: "npm:^7.0.2"
  checksum: 10c0/a445c42a4cef357f7a181ac1dc5970db7d6c3bb36c81e10dd4032020873d4ec97402f08ebfa6ea747de8edd255ccf19a57cbb66dc4a05e5cff8c0445e29cd73d
  languageName: node
  linkType: hard

"@octokit/graphql@npm:^9.0.2":
  version: 9.0.2
  resolution: "@octokit/graphql@npm:9.0.2"
  dependencies:
    "@octokit/request": "npm:^10.0.4"
    "@octokit/types": "npm:^15.0.0"
    universal-user-agent: "npm:^7.0.0"
  checksum: 10c0/aaba3de627475ac2be24d676be643c85bec089b1d9ef2c3a678fab03a525c0fd9b6c61622d190e84447ecb6aa9271882f8bcce5c278221337fd4be68d36acf10
  languageName: node
  linkType: hard

"@octokit/openapi-types@npm:^26.0.0":
  version: 26.0.0
  resolution: "@octokit/openapi-types@npm:26.0.0"
  checksum: 10c0/671f12c1db70b4bc8c719ec7aa10de034925f4326db0fff22837afcc0b41fd1c015d164673ef5603c5ac787a430c514b821852bfbe6f06edc4a41ad3de342e94
  languageName: node
  linkType: hard

"@octokit/plugin-paginate-rest@npm:^13.0.1":
  version: 13.2.1
  resolution: "@octokit/plugin-paginate-rest@npm:13.2.1"
  dependencies:
    "@octokit/types": "npm:^15.0.1"
  peerDependencies:
    "@octokit/core": ">=6"
  checksum: 10c0/16cd034ee6426f742514d0ca553a2c4355cd68c2eb9211030f3ec2538f4c833d587b3737bb720e34f98be8fae15acb07693d17314350cf067557abb4cb1598fb
  languageName: node
  linkType: hard

"@octokit/plugin-request-log@npm:^6.0.0":
  version: 6.0.0
  resolution: "@octokit/plugin-request-log@npm:6.0.0"
  peerDependencies:
    "@octokit/core": ">=6"
  checksum: 10c0/40e46ad0c77235742d0bf698ab4e17df1ae06e0d7824ffc5867ed71e27de860875adb73d89629b823fe8647459a8f262c26ed1aa6ee374873fa94095f37df0bb
  languageName: node
  linkType: hard

"@octokit/plugin-rest-endpoint-methods@npm:^16.0.0":
  version: 16.1.1
  resolution: "@octokit/plugin-rest-endpoint-methods@npm:16.1.1"
  dependencies:
    "@octokit/types": "npm:^15.0.1"
  peerDependencies:
    "@octokit/core": ">=6"
  checksum: 10c0/3d5f2aca5c206a39d55139be32f8a18037a4e6c8b98d905681da7673c9430630e963bca604e1337edccc7a6861f535583b103f2c5af90b5515fd70b7db1bca47
  languageName: node
  linkType: hard

"@octokit/request-error@npm:^7.0.1":
  version: 7.0.1
  resolution: "@octokit/request-error@npm:7.0.1"
  dependencies:
    "@octokit/types": "npm:^15.0.0"
  checksum: 10c0/c3f29db87a8d59b8217cbda8cb32be4a553de21ab08bac7ec5909e7c4a4934a32a07575547049fb11a07f0eeec45d0ae5c38295995445adda4ae17b2c66cba85
  languageName: node
  linkType: hard

"@octokit/request@npm:^10.0.4":
  version: 10.0.5
  resolution: "@octokit/request@npm:10.0.5"
  dependencies:
    "@octokit/endpoint": "npm:^11.0.1"
    "@octokit/request-error": "npm:^7.0.1"
    "@octokit/types": "npm:^15.0.0"
    fast-content-type-parse: "npm:^3.0.0"
    universal-user-agent: "npm:^7.0.2"
  checksum: 10c0/66b607ec97280ce2a857826b7c862a48d81fdafe97c7b6b527ce7bf83b0f6eb706ce3df44eafb57c7ed0ee0b5f255db1c1471ed6d9152b8932e6e88feb845bba
  languageName: node
  linkType: hard

"@octokit/rest@npm:^22.0.0":
  version: 22.0.0
  resolution: "@octokit/rest@npm:22.0.0"
  dependencies:
    "@octokit/core": "npm:^7.0.2"
    "@octokit/plugin-paginate-rest": "npm:^13.0.1"
    "@octokit/plugin-request-log": "npm:^6.0.0"
    "@octokit/plugin-rest-endpoint-methods": "npm:^16.0.0"
  checksum: 10c0/aea3714301f43fbadb22048045a7aef417cdefa997d1baf0b26860eaa9038fb033f7d4299eab06af57a03433871084cf38144fc5414caf80accce714e76d34e2
  languageName: node
  linkType: hard

"@octokit/types@npm:^15.0.0, @octokit/types@npm:^15.0.1":
  version: 15.0.1
  resolution: "@octokit/types@npm:15.0.1"
  dependencies:
    "@octokit/openapi-types": "npm:^26.0.0"
  checksum: 10c0/f1f8d8a988c6295d669461082936a4e27d5a021ff870ebb93b8afa8f227f6eb0fb520f98631af31fc56dea0cb84e15df65e736f408cde321693154e4432c575d
  languageName: node
  linkType: hard

"@tybys/wasm-util@npm:^0.10.1":
  version: 0.10.1
  resolution: "@tybys/wasm-util@npm:0.10.1"
  dependencies:
    tslib: "npm:^2.4.0"
  checksum: 10c0/b255094f293794c6d2289300c5fbcafbb5532a3aed3a5ffd2f8dc1828e639b88d75f6a376dd8f94347a44813fd7a7149d8463477a9a49525c8b2dcaa38c2d1e8
  languageName: node
  linkType: hard

"ansi-regex@npm:^5.0.1":
  version: 5.0.1
  resolution: "ansi-regex@npm:5.0.1"
  checksum: 10c0/9a64bb8627b434ba9327b60c027742e5d17ac69277960d041898596271d992d4d52ba7267a63ca10232e29f6107fc8a835f6ce8d719b88c5f8493f8254813737
  languageName: node
  linkType: hard

"ansi-styles@npm:^4.0.0":
  version: 4.3.0
  resolution: "ansi-styles@npm:4.3.0"
  dependencies:
    color-convert: "npm:^2.0.1"
  checksum: 10c0/895a23929da416f2bd3de7e9cb4eabd340949328ab85ddd6e484a637d8f6820d485f53933446f5291c3b760cbc488beb8e88573dd0f9c7daf83dccc8fe81b041
  languageName: node
  linkType: hard

"argparse@npm:^2.0.1":
  version: 2.0.1
  resolution: "argparse@npm:2.0.1"
  checksum: 10c0/c5640c2d89045371c7cedd6a70212a04e360fd34d6edeae32f6952c63949e3525ea77dbec0289d8213a99bbaeab5abfa860b5c12cf88a2e6cf8106e90dd27a7e
  languageName: node
  linkType: hard

"before-after-hook@npm:^4.0.0":
  version: 4.0.0
  resolution: "before-after-hook@npm:4.0.0"
  checksum: 10c0/9f8ae8d1b06142bcfb9ef6625226b5e50348bb11210f266660eddcf9734e0db6f9afc4cb48397ee3f5ac0a3728f3ae401cdeea88413f7bed748a71db84657be2
  languageName: node
  linkType: hard

"chardet@npm:^2.1.0":
  version: 2.1.0
  resolution: "chardet@npm:2.1.0"
  checksum: 10c0/d1b03e47371851ed72741a898281d58f8a9b577aeea6fdfa75a86832898b36c550b3ad057e66d50d774a9cebd9f56c66b6880e4fe75e387794538ba7565b0b6f
  languageName: node
  linkType: hard

"cli-width@npm:^4.1.0":
  version: 4.1.0
  resolution: "cli-width@npm:4.1.0"
  checksum: 10c0/1fbd56413578f6117abcaf858903ba1f4ad78370a4032f916745fa2c7e390183a9d9029cf837df320b0fdce8137668e522f60a30a5f3d6529ff3872d265a955f
  languageName: node
  linkType: hard

"clipanion@npm:^4.0.0-rc.4":
  version: 4.0.0-rc.4
  resolution: "clipanion@npm:4.0.0-rc.4"
  dependencies:
    typanion: "npm:^3.8.0"
  peerDependencies:
    typanion: "*"
  checksum: 10c0/047b415b59a5e9777d00690fba563ccc850eca6bf27790a88d1deea3ecc8a89840ae9aed554ff284cc698a9f3f20256e43c25ff4a7c4c90a71e5e7d9dca61dd1
  languageName: node
  linkType: hard

"color-convert@npm:^2.0.1":
  version: 2.0.1
  resolution: "color-convert@npm:2.0.1"
  dependencies:
    color-name: "npm:~1.1.4"
  checksum: 10c0/37e1150172f2e311fe1b2df62c6293a342ee7380da7b9cfdba67ea539909afbd74da27033208d01d6d5cfc65ee7868a22e18d7e7648e004425441c0f8a15a7d7
  languageName: node
  linkType: hard

"color-name@npm:~1.1.4":
  version: 1.1.4
  resolution: "color-name@npm:1.1.4"
  checksum: 10c0/a1a3f914156960902f46f7f56bc62effc6c94e84b2cae157a526b1c1f74b677a47ec602bf68a61abfa2b42d15b7c5651c6dbe72a43af720bc588dff885b10f95
  languageName: node
  linkType: hard

"colorette@npm:^2.0.20":
  version: 2.0.20
  resolution: "colorette@npm:2.0.20"
  checksum: 10c0/e94116ff33b0ff56f3b83b9ace895e5bf87c2a7a47b3401b8c3f3226e050d5ef76cf4072fb3325f9dc24d1698f9b730baf4e05eeaf861d74a1883073f4c98a40
  languageName: node
  linkType: hard

"debug@npm:^4.4.1":
  version: 4.4.3
  resolution: "debug@npm:4.4.3"
  dependencies:
    ms: "npm:^2.1.3"
  peerDependenciesMeta:
    supports-color:
      optional: true
  checksum: 10c0/d79136ec6c83ecbefd0f6a5593da6a9c91ec4d7ddc4b54c883d6e71ec9accb5f67a1a5e96d00a328196b5b5c86d365e98d8a3a70856aaf16b4e7b1985e67f5a6
  languageName: node
  linkType: hard

"emnapi@npm:^1.5.0":
  version: 1.6.0
  resolution: "emnapi@npm:1.6.0"
  peerDependencies:
    node-addon-api: ">= 6.1.0"
  peerDependenciesMeta:
    node-addon-api:
      optional: true
  checksum: 10c0/3078dccebacbeafbd6a96fda30072cf83e4a5492e9928b9542effebf9c468e1402fdefe6e140fa66d683ed4cf7f46dd4d9f0fdc15db395043f5d5994678c7df9
  languageName: node
  linkType: hard

"emoji-regex@npm:^8.0.0":
  version: 8.0.0
  resolution: "emoji-regex@npm:8.0.0"
  checksum: 10c0/b6053ad39951c4cf338f9092d7bfba448cdfd46fe6a2a034700b149ac9ffbc137e361cbd3c442297f86bed2e5f7576c1b54cc0a6bf8ef5106cc62f496af35010
  languageName: node
  linkType: hard

"es-toolkit@npm:^1.39.10":
  version: 1.41.0
  resolution: "es-toolkit@npm:1.41.0"
  dependenciesMeta:
    "@trivago/prettier-plugin-sort-imports@4.3.0":
      unplugged: true
    prettier-plugin-sort-re-exports@0.0.1:
      unplugged: true
  checksum: 10c0/4edcc19984df0e521d222082d055f131233cada9277de3f427311ecd43dc99442dc66a39f86b1b10c298c5a72133231928eb91668c0bff4f11e12af8b6d758a3
  languageName: node
  linkType: hard

"fast-content-type-parse@npm:^3.0.0":
  version: 3.0.0
  resolution: "fast-content-type-parse@npm:3.0.0"
  checksum: 10c0/06251880c83b7118af3a5e66e8bcee60d44f48b39396fc60acc2b4630bd5f3e77552b999b5c8e943d45a818854360e5e97164c374ec4b562b4df96a2cdf2e188
  languageName: node
  linkType: hard

"iconv-lite@npm:^0.7.0":
  version: 0.7.0
  resolution: "iconv-lite@npm:0.7.0"
  dependencies:
    safer-buffer: "npm:>= 2.1.2 < 3.0.0"
  checksum: 10c0/2382400469071c55b6746c531eed5fa4d033e5db6690b7331fb2a5f59a30d7a9782932e92253db26df33c1cf46fa200a3fbe524a2a7c62037c762283f188ec2f
  languageName: node
  linkType: hard

"is-fullwidth-code-point@npm:^3.0.0":
  version: 3.0.0
  resolution: "is-fullwidth-code-point@npm:3.0.0"
  checksum: 10c0/bb11d825e049f38e04c06373a8d72782eee0205bda9d908cc550ccb3c59b99d750ff9537982e01733c1c94a58e35400661f57042158ff5e8f3e90cf936daf0fc
  languageName: node
  linkType: hard

"js-yaml@npm:^4.1.0":
  version: 4.1.0
  resolution: "js-yaml@npm:4.1.0"
  dependencies:
    argparse: "npm:^2.0.1"
  bin:
    js-yaml: bin/js-yaml.js
  checksum: 10c0/184a24b4eaacfce40ad9074c64fd42ac83cf74d8c8cd137718d456ced75051229e5061b8633c3366b8aada17945a7a356b337828c19da92b51ae62126575018f
  languageName: node
  linkType: hard

"ms@npm:^2.1.3":
  version: 2.1.3
  resolution: "ms@npm:2.1.3"
  checksum: 10c0/d924b57e7312b3b63ad21fc5b3dc0af5e78d61a1fc7cfb5457edaf26326bf62be5307cc87ffb6862ef1c2b33b0233cdb5d4f01c4c958cc0d660948b65a287a48
  languageName: node
  linkType: hard

"mute-stream@npm:^2.0.0":
  version: 2.0.0
  resolution: "mute-stream@npm:2.0.0"
  checksum: 10c0/2cf48a2087175c60c8dcdbc619908b49c07f7adcfc37d29236b0c5c612d6204f789104c98cc44d38acab7b3c96f4a3ec2cfdc4934d0738d876dbefa2a12c69f4
  languageName: node
  linkType: hard

"safer-buffer@npm:>= 2.1.2 < 3.0.0":
  version: 2.1.2
  resolution: "safer-buffer@npm:2.1.2"
  checksum: 10c0/7e3c8b2e88a1841c9671094bbaeebd94448111dd90a81a1f606f3f67708a6ec57763b3b47f06da09fc6054193e0e6709e77325415dc8422b04497a8070fa02d4
  languageName: node
  linkType: hard

"semver@npm:^7.7.2":
  version: 7.7.3
  resolution: "semver@npm:7.7.3"
  bin:
    semver: bin/semver.js
  checksum: 10c0/4afe5c986567db82f44c8c6faef8fe9df2a9b1d98098fc1721f57c696c4c21cebd572f297fc21002f81889492345b8470473bc6f4aff5fb032a6ea59ea2bc45e
  languageName: node
  linkType: hard

"signal-exit@npm:^4.1.0":
  version: 4.1.0
  resolution: "signal-exit@npm:4.1.0"
  checksum: 10c0/41602dce540e46d599edba9d9860193398d135f7ff72cab629db5171516cfae628d21e7bfccde1bbfdf11c48726bc2a6d1a8fb8701125852fbfda7cf19c6aa83
  languageName: node
  linkType: hard

"string-width@npm:^4.1.0":
  version: 4.2.3
  resolution: "string-width@npm:4.2.3"
  dependencies:
    emoji-regex: "npm:^8.0.0"
    is-fullwidth-code-point: "npm:^3.0.0"
    strip-ansi: "npm:^6.0.1"
  checksum: 10c0/1e525e92e5eae0afd7454086eed9c818ee84374bb80328fc41217ae72ff5f065ef1c9d7f72da41de40c75fa8bb3dee63d92373fd492c84260a552c636392a47b
  languageName: node
  linkType: hard

"strip-ansi@npm:^6.0.0, strip-ansi@npm:^6.0.1":
  version: 6.0.1
  resolution: "strip-ansi@npm:6.0.1"
  dependencies:
    ansi-regex: "npm:^5.0.1"
  checksum: 10c0/1ae5f212a126fe5b167707f716942490e3933085a5ff6c008ab97ab2f272c8025d3aa218b7bd6ab25729ca20cc81cddb252102f8751e13482a5199e873680952
  languageName: node
  linkType: hard

"tslib@npm:^2.4.0":
  version: 2.8.1
  resolution: "tslib@npm:2.8.1"
  checksum: 10c0/9c4759110a19c53f992d9aae23aac5ced636e99887b51b9e61def52611732872ff7668757d4e4c61f19691e36f4da981cd9485e869b4a7408d689f6bf1f14e62
  languageName: node
  linkType: hard

"typanion@npm:^3.14.0, typanion@npm:^3.8.0":
  version: 3.14.0
  resolution: "typanion@npm:3.14.0"
  checksum: 10c0/8b03b19844e6955bfd906c31dc781bae6d7f1fb3ce4fe24b7501557013d4889ae5cefe671dafe98d87ead0adceb8afcb8bc16df7dc0bd2b7331bac96f3a7cae2
  languageName: node
  linkType: hard

"universal-user-agent@npm:^7.0.0, universal-user-agent@npm:^7.0.2":
  version: 7.0.3
  resolution: "universal-user-agent@npm:7.0.3"
  checksum: 10c0/6043be466a9bb96c0ce82392842d9fddf4c37e296f7bacc2cb25f47123990eb436c82df824644f9c5070a94dbdb117be17f66d54599ab143648ec57ef93dbcc8
  languageName: node
  linkType: hard

"wrap-ansi@npm:^6.2.0":
  version: 6.2.0
  resolution: "wrap-ansi@npm:6.2.0"
  dependencies:
    ansi-styles: "npm:^4.0.0"
    string-width: "npm:^4.1.0"
    strip-ansi: "npm:^6.0.0"
  checksum: 10c0/baad244e6e33335ea24e86e51868fe6823626e3a3c88d9a6674642afff1d34d9a154c917e74af8d845fd25d170c4ea9cf69a47133c3f3656e1252b3d462d9f6c
  languageName: node
  linkType: hard

"yoctocolors-cjs@npm:^2.1.2":
  version: 2.1.3
  resolution: "yoctocolors-cjs@npm:2.1.3"
  checksum: 10c0/584168ef98eb5d913473a4858dce128803c4a6cd87c0f09e954fa01126a59a33ab9e513b633ad9ab953786ed16efdd8c8700097a51635aafaeed3fef7712fa79
  languageName: node
  linkType: hard
